
Microsoft Visual Studio Solution File, Format Version 12.00
# Visual Studio Version 17
VisualStudioVersion = 17.6.33723.286
MinimumVisualStudioVersion = 10.0.40219.1
Project("{9A19103F-16F7-4668-BE54-9A1E7A4F7556}") = "RunScripts", "RunScripts\RunScripts.csproj", "{7780982C-FBF7-422B-9D51-4F368308CBFF}"
EndProject
Global
	GlobalSection(SolutionConfigurationPlatforms) = preSolution
		Debug|Any CPU = Debug|Any CPU
		Release|Any CPU = Release|Any CPU
	EndGlobalSection
	GlobalSection(ProjectConfigurationPlatforms) = postSolution
		{7780982C-FBF7-422B-9D51-4F368308CBFF}.Debug|Any CPU.ActiveCfg = Debug|Any CPU
		{7780982C-FBF7-422B-9D51-4F368308CBFF}.Debug|Any CPU.Build.0 = Debug|Any CPU
		{7780982C-FBF7-422B-9D51-4F368308CBFF}.Release|Any CPU.ActiveCfg = Release|Any CPU
		{7780982C-FBF7-422B-9D51-4F368308CBFF}.Release|Any CPU.Build.0 = Release|Any CPU
	EndGlobalSection
	GlobalSection(SolutionProperties) = preSolution
		HideSolutionNode = FALSE
	EndGlobalSection
	GlobalSection(ExtensibilityGlobals) = postSolution
		SolutionGuid = {F7654731-6B60-40C5-8AD2-FA42ED241A89}
	EndGlobalSection
EndGlobal
